{
  "name": "inspect",
  "version": "1.0.0",
  "lockfileVersion": 1,
  "requires": true,
  "dependencies": {
    "big-integer": {
      "version": "1.6.48",
      "resolved": "https://registry.npmjs.org/big-integer/-/big-integer-1.6.48.tgz",
      "integrity": "sha512-j51egjPa7/i+RdiRuJbPdJ2FIUYYPhvYLjzoYbcMMm62ooO6F94fETG4MTs46zPAF9Brs04OajboA/qTGuz78w=="
    },
    "bplist-parser": {
      "version": "0.1.1",
      "resolved": "https://registry.npmjs.org/bplist-parser/-/bplist-parser-0.1.1.tgz",
      "integrity": "sha1-1g1dzCDLptx+HymbNdPh+V2vuuY=",
      "requires": {
        "big-integer": "^1.6.7"
      }
    },
    "callbag": {
      "version": "1.4.0",
      "resolved": "https://registry.npmjs.org/callbag/-/callbag-1.4.0.tgz",
      "integrity": "sha512-C6KRhRbEddJ89vClBBR9Hd10DXv3J5ulKmJ+SRjn+eNup8imZ+sxG3QkWJ3IEljpHfVxo/6IcRnXuQE2GQmmXA=="
    },
    "callbag-combine": {
      "version": "1.2.0",
      "resolved": "https://registry.npmjs.org/callbag-combine/-/callbag-combine-1.2.0.tgz",
      "integrity": "sha512-iDHfGNcBb9oIJLA//ytxU1e1W5MjjG+lIu2E2xtVs8fBba7+Zkp4wU6bnIf5II34hDxyEy8O8ct8TY6GO/W8Ig==",
      "requires": {
        "callbag": "^1.1.0"
      }
    },
    "callbag-common": {
      "version": "0.1.8",
      "resolved": "https://registry.npmjs.org/callbag-common/-/callbag-common-0.1.8.tgz",
      "integrity": "sha512-0mRErQy+hA+S84QKXpKgq0+OatwMwuSako8n78apg5OZQFQWXLMA9cI319EzZOXbpvjwCSj/8Ky/DT60gMq9Og==",
      "requires": {
        "callbag": "^1.4.0",
        "callbag-combine": "^1.2.0",
        "callbag-debounce": "^2.1.3",
        "callbag-expr": "^0.2.0",
        "callbag-filter": "^1.1.0",
        "callbag-flatten": "^1.7.0",
        "callbag-from-event": "^1.3.0",
        "callbag-from-promise": "^1.3.0",
        "callbag-interval": "^1.2.0",
        "callbag-map": "^1.1.0",
        "callbag-merge": "^3.2.2",
        "callbag-of": "^2.0.0",
        "callbag-pipe": "^1.2.0",
        "callbag-scan": "^1.1.0",
        "callbag-subscribe": "^1.5.1",
        "callbag-take": "^1.5.0"
      }
    },
    "callbag-debounce": {
      "version": "2.1.3",
      "resolved": "https://registry.npmjs.org/callbag-debounce/-/callbag-debounce-2.1.3.tgz",
      "integrity": "sha512-iLMpXU9x5XyC8InJwUtqptOMsF//0j2IksOUu0hugyKjvpZYsRplRFOaO4x35Ni88E0KAoNxYS1PFwQcJgZvqQ==",
      "requires": {
        "callbag": "^1.2.0"
      }
    },
    "callbag-expr": {
      "version": "0.2.0",
      "resolved": "https://registry.npmjs.org/callbag-expr/-/callbag-expr-0.2.0.tgz",
      "integrity": "sha512-aLL/hOyut3LvS1MUcfiyAxdeC+kJKDuZbu2+1IMLXC153bDgN1kh1tl3uP1+UbEtCYY/RiGw3DU9faOnLI4xMQ==",
      "requires": {
        "callbag": "^1.3.0"
      }
    },
    "callbag-filter": {
      "version": "1.1.0",
      "resolved": "https://registry.npmjs.org/callbag-filter/-/callbag-filter-1.1.0.tgz",
      "integrity": "sha512-m6ZHEd9JYHBAYJAdeqgt3gIKSoZOizfJTxIPd8EvDwY8Dr44+slm090WvCrrlz2SZoU8mCqpmZ8TFrGKXHo/yw==",
      "requires": {
        "callbag": "^1.1.0"
      }
    },
    "callbag-flatten": {
      "version": "1.7.0",
      "resolved": "https://registry.npmjs.org/callbag-flatten/-/callbag-flatten-1.7.0.tgz",
      "integrity": "sha512-1nekVS5GwI38CRcIzmLFRFmXeoHkLG/SkUAwwvarwL4srmHW994UzFAcwwQbZjI9gudqfVDvY+LnopNb4Dtc4w==",
      "requires": {
        "callbag": "^1.1.0"
      }
    },
    "callbag-from-event": {
      "version": "1.3.0",
      "resolved": "https://registry.npmjs.org/callbag-from-event/-/callbag-from-event-1.3.0.tgz",
      "integrity": "sha512-cAu82hKKFmMtKTmd50p/nlMfs1oKz+PGUZmmwhbzPbw4YtjNgTKg6pXjpcQprhBQdrqg/v8pHcAS8Qs6X7r8fw==",
      "requires": {
        "callbag": "^1.1.0"
      }
    },
    "callbag-from-promise": {
      "version": "1.3.0",
      "resolved": "https://registry.npmjs.org/callbag-from-promise/-/callbag-from-promise-1.3.0.tgz",
      "integrity": "sha512-1e6Xloc5DavrPUYIUKUNLhYTTXFtrRH/tN0qbS+LAzNeu9whCJOLEExjVfntEfSbiuADClAuIiVDLRiPBhu1mg==",
      "requires": {
        "callbag": "^1.1.0"
      }
    },
    "callbag-interval": {
      "version": "1.2.0",
      "resolved": "https://registry.npmjs.org/callbag-interval/-/callbag-interval-1.2.0.tgz",
      "integrity": "sha512-jo2UQZ+vvGWvCCykqKzL7ixSoTmvzDysQGTQkI3qQF28weRSMSmH5k86qmm7ddfPW1yNczcL93uhGnWC5e34Og==",
      "requires": {
        "callbag": "^1.1.0"
      }
    },
    "callbag-jsx": {
      "version": "0.1.13",
      "resolved": "https://registry.npmjs.org/callbag-jsx/-/callbag-jsx-0.1.13.tgz",
      "integrity": "sha512-7Flm/abVnhUrm2YoSTBVHiZereTJTPtkAWDCwJevwRXgbxuKMK4jF5CHm9hGGlyaEVcnWYJIVMneYBBZLue8sw==",
      "requires": {
        "callbag": "^1.3.0",
        "callbag-state": "^0.2.5",
        "callbag-state-keyed": "^0.2.4",
        "render-jsx": "^0.2.4"
      }
    },
    "callbag-map": {
      "version": "1.1.0",
      "resolved": "https://registry.npmjs.org/callbag-map/-/callbag-map-1.1.0.tgz",
      "integrity": "sha512-/xFzvJCtx1xulZpFeI4wq+ZD7tkg417XOeJ3wS9v8bHLLpt+fHKXgbZ8TBnnIxywJN6Uu/ZhL+c1DzUG6KXYFQ==",
      "requires": {
        "callbag": "^1.1.0"
      }
    },
    "callbag-merge": {
      "version": "3.2.2",
      "resolved": "https://registry.npmjs.org/callbag-merge/-/callbag-merge-3.2.2.tgz",
      "integrity": "sha512-VeBE5Mh7LUxYwxaITKsHt3CmZeMMfpsjEamMD0Wf6ajrFE6FGa4aQnd7SZ5h0KSSTcivxe0UaT6x97f8Y9atzA==",
      "requires": {
        "callbag": "^1.2.0"
      }
    },
    "callbag-of": {
      "version": "2.0.1",
      "resolved": "https://registry.npmjs.org/callbag-of/-/callbag-of-2.0.1.tgz",
      "integrity": "sha512-Lox6qcByTeqeFKtiOPAoWueKUbqT+X9DdSZKJwzshKJAkWmP5qPnO7z2HDzIfWkv3uY7z6WZ9ZMGjdbO3BOfpw==",
      "requires": {
        "callbag": "^1.4.0"
      }
    },
    "callbag-pipe": {
      "version": "1.2.0",
      "resolved": "https://registry.npmjs.org/callbag-pipe/-/callbag-pipe-1.2.0.tgz",
      "integrity": "sha512-M+LdHUK0qJkm4CRe+I870ZzD/SnzcpTsfJRzFoB2hOkNXlrVdoj002KMkfdS4pHMfV6egzZFd8j+xJu6C4kwEQ=="
    },
    "callbag-scan": {
      "version": "1.1.0",
      "resolved": "https://registry.npmjs.org/callbag-scan/-/callbag-scan-1.1.0.tgz",
      "integrity": "sha512-5Aw9LR8b4Fg/gC++lWrq9sXEqgO0c5Gk+HWaFhFoVqgujSUVRxFw+c4bLw1eExWrBX6OeBDbVZ/2rMr/E0q9cQ==",
      "requires": {
        "callbag": "^1.1.0"
      }
    },
    "callbag-state": {
      "version": "0.2.5",
      "resolved": "https://registry.npmjs.org/callbag-state/-/callbag-state-0.2.5.tgz",
      "integrity": "sha512-3uqyv3h4VrCjLpr8zZbALRfSdnKwtOOCjPHK64hE0yNdUnNTCE8qDo7CRnYKSBYCjVy5TN/MOqpYyqi1Gtho/A==",
      "requires": {
        "callbag": "^1.3.0"
      }
    },
    "callbag-state-keyed": {
      "version": "0.2.4",
      "resolved": "https://registry.npmjs.org/callbag-state-keyed/-/callbag-state-keyed-0.2.4.tgz",
      "integrity": "sha512-BZHf5AU9h35xJPVBqY9UMg6K9yWCugC6Evf3Dge1qQl9HFmKn2QsdU6m/oSDVaTBRn9gz+t/skgtMdsY7BEPEQ==",
      "requires": {
        "callbag": "^1.3.0",
        "callbag-state": "^0.2.5"
      }
    },
    "callbag-subscribe": {
      "version": "1.5.1",
      "resolved": "https://registry.npmjs.org/callbag-subscribe/-/callbag-subscribe-1.5.1.tgz",
      "integrity": "sha512-CRj2jKfcRvG8gap2ehsm/NxZVAjnwUApI+0ZY3bu6nyFfhhOzH+4RWpB/4RSJUZNN3ZILdSgAKQiUov/7ov9BQ==",
      "requires": {
        "callbag": "^1.2.0"
      }
    },
    "callbag-take": {
      "version": "1.5.0",
      "resolved": "https://registry.npmjs.org/callbag-take/-/callbag-take-1.5.0.tgz",
      "integrity": "sha512-8aOxp+gzfVQtDe+tk9PhKbC9QR9Vap4KFA0xccUiXFK9VjIS0fSt/Yi454viPpMhJkhRcx1BsjyF34Cj57W89A==",
      "requires": {
        "callbag": "^1.1.0"
      }
    },
    "cli-spinners": {
      "version": "2.6.0",
      "resolved": "https://registry.npmjs.org/cli-spinners/-/cli-spinners-2.6.0.tgz",
      "integrity": "sha512-t+4/y50K/+4xcCRosKkA7W4gTr1MySvLV0q+PxmG7FJ5g+66ChKurYjxBCjHggHH3HA5Hh9cy+lcUGWDqVH+4Q=="
    },
    "default-browser-id": {
      "version": "2.0.0",
      "resolved": "https://registry.npmjs.org/default-browser-id/-/default-browser-id-2.0.0.tgz",
      "integrity": "sha1-AezONxpx6F8VoXF354YwR+c9vn0=",
      "requires": {
        "bplist-parser": "^0.1.0",
        "pify": "^2.3.0",
        "untildify": "^2.0.0"
      }
    },
    "esbuild": {
      "version": "0.9.7",
      "resolved": "https://registry.npmjs.org/esbuild/-/esbuild-0.9.7.tgz",
      "integrity": "sha512-VtUf6aQ89VTmMLKrWHYG50uByMF4JQlVysb8dmg6cOgW8JnFCipmz7p+HNBl+RR3LLCuBxFGVauAe2wfnF9bLg=="
    },
    "fdir": {
      "version": "5.0.0",
      "resolved": "https://registry.npmjs.org/fdir/-/fdir-5.0.0.tgz",
      "integrity": "sha512-cteqwWMA43lEmgwOg5HSdvhVFD39vHjQDhZkRMlKmeoNPtSSgUw1nUypydiY2upMdGiBFBZvNBDbnoBh0yCzaQ=="
    },
    "fsevents": {
      "version": "2.3.2",
      "resolved": "https://registry.npmjs.org/fsevents/-/fsevents-2.3.2.tgz",
      "integrity": "sha512-xiqMQR4xAeHTuB9uWm+fFRcIOgKBMiOBP+eXiyT7jsgVCq1bkVygt00oASowB7EdtpOHaaPgKt812P9ab+DDKA==",
      "optional": true
    },
    "function-bind": {
      "version": "1.1.1",
      "resolved": "https://registry.npmjs.org/function-bind/-/function-bind-1.1.1.tgz",
      "integrity": "sha512-yIovAzMX49sF8Yl58fSCWJ5svSLuaibPxXQJFLmBObTuCr0Mf1KiPopGM9NiFjiYBCbfaa2Fh6breQ6ANVTI0A=="
    },
    "has": {
      "version": "1.0.3",
      "resolved": "https://registry.npmjs.org/has/-/has-1.0.3.tgz",
      "integrity": "sha512-f2dvO0VU6Oej7RkWJGrehjbzMAjFp5/VKPp5tTpWIV4JHHZK1/BxbFRtf/siA2SWTe09caDmVtYYzWEIbBS4zw==",
      "requires": {
        "function-bind": "^1.1.1"
      }
    },
    "is-core-module": {
      "version": "2.2.0",
      "resolved": "https://registry.npmjs.org/is-core-module/-/is-core-module-2.2.0.tgz",
      "integrity": "sha512-XRAfAdyyY5F5cOXn7hYQDqh2Xmii+DEfIcQGxK/uNwMHhIkPWO0g8msXcbzLe+MpGoR951MlqM/2iIlU4vKDdQ==",
      "requires": {
        "has": "^1.0.3"
      }
    },
    "is-docker": {
      "version": "2.2.1",
      "resolved": "https://registry.npmjs.org/is-docker/-/is-docker-2.2.1.tgz",
      "integrity": "sha512-F+i2BKsFrH66iaUFc0woD8sLy8getkwTwtOBjvs56Cx4CgJDeKQeqfz8wAYiSb8JOprWhHH5p77PbmYCvvUuXQ=="
    },
    "is-wsl": {
      "version": "2.2.0",
      "resolved": "https://registry.npmjs.org/is-wsl/-/is-wsl-2.2.0.tgz",
      "integrity": "sha512-fKzAra0rGJUUBwGBgNkHZuToZcn+TtXHpeCgmkMJMMYx1sQDYaCSyjJBSCa2nH1DGm7s3n1oBnohoVTBaN7Lww==",
      "requires": {
        "is-docker": "^2.0.0"
      }
    },
    "open": {
      "version": "7.4.2",
      "resolved": "https://registry.npmjs.org/open/-/open-7.4.2.tgz",
      "integrity": "sha512-MVHddDVweXZF3awtlAS+6pgKLlm/JgxZ90+/NBurBoQctVOOB/zDdVjcyPzQ+0laDGbsWgrRkflI65sQeOgT9Q==",
      "requires": {
        "is-docker": "^2.0.0",
        "is-wsl": "^2.1.1"
      }
    },
    "os-homedir": {
      "version": "1.0.2",
      "resolved": "https://registry.npmjs.org/os-homedir/-/os-homedir-1.0.2.tgz",
      "integrity": "sha1-/7xJiDNuDoM94MFox+8VISGqf7M="
    },
    "path-parse": {
      "version": "1.0.6",
      "resolved": "https://registry.npmjs.org/path-parse/-/path-parse-1.0.6.tgz",
      "integrity": "sha512-GSmOT2EbHrINBf9SR7CDELwlJ8AENk3Qn7OikK4nFYAu3Ote2+JYNVvkpAEQm3/TLNEJFD/xZJjzyxg3KBWOzw=="
    },
    "picomatch": {
      "version": "2.2.3",
      "resolved": "https://registry.npmjs.org/picomatch/-/picomatch-2.2.3.tgz",
      "integrity": "sha512-KpELjfwcCDUb9PeigTs2mBJzXUPzAuP2oPcA989He8Rte0+YUAjw1JVedDhuTKPkHjSYzMN3npC9luThGYEKdg=="
    },
    "pify": {
      "version": "2.3.0",
      "resolved": "https://registry.npmjs.org/pify/-/pify-2.3.0.tgz",
      "integrity": "sha1-7RQaasBDqEnqWISY59yosVMw6Qw="
    },
    "render-jsx": {
      "version": "0.2.4",
      "resolved": "https://registry.npmjs.org/render-jsx/-/render-jsx-0.2.4.tgz",
      "integrity": "sha512-N44hyd4CVnden0AyfKNUIdXvjqWIqe5qDlJJKQZSvI1AojS3CkSyeA2YqWa3y1+HhMzPZ/OHUEvZLTRm96eV/Q=="
    },
    "resolve": {
      "version": "1.20.0",
      "resolved": "https://registry.npmjs.org/resolve/-/resolve-1.20.0.tgz",
      "integrity": "sha512-wENBPt4ySzg4ybFQW2TT1zMQucPK95HSh/nq2CFTZVOGut2+pQvSsgtda4d26YrYcr067wjbmzOG8byDPBX63A==",
      "requires": {
        "is-core-module": "^2.2.0",
        "path-parse": "^1.0.6"
      }
    },
    "rollup": {
      "version": "2.45.1",
      "resolved": "https://registry.npmjs.org/rollup/-/rollup-2.45.1.tgz",
      "integrity": "sha512-vPD+JoDj3CY8k6m1bLcAFttXMe78P4CMxoau0iLVS60+S9kLsv2379xaGy4NgYWu+h2WTlucpoLPAoUoixFBag==",
      "requires": {
        "fsevents": "~2.3.1"
      }
    },
    "snowpack": {
      "version": "3.2.2",
      "resolved": "https://registry.npmjs.org/snowpack/-/snowpack-3.2.2.tgz",
      "integrity": "sha512-lt2FEFpvrWSBhFPlQxDr2hG7hnyucLEh7QSJqUUcAljrt8UoWJjTZlvZ4shGiJLkNjxMgGrJKj37y08/9OvXMw==",
      "requires": {
        "cli-spinners": "^2.5.0",
        "default-browser-id": "^2.0.0",
        "esbuild": "^0.9.3",
        "fdir": "^5.0.0",
        "fsevents": "^2.2.0",
        "open": "^7.0.4",
        "picomatch": "^2.2.2",
        "resolve": "^1.20.0",
        "rollup": "^2.34.0"
      }
    },
    "untildify": {
      "version": "2.1.0",
      "resolved": "https://registry.npmjs.org/untildify/-/untildify-2.1.0.tgz",
      "integrity": "sha1-F+soB5h/dpUunASF/DEdBqgmouA=",
      "requires": {
        "os-homedir": "^1.0.0"
      }
    }
  }
}
